
Microsoft Visual Studio Solution File, Format Version 12.00
# Visual Studio Version 17
VisualStudioVersion = 17.4.32804.182
MinimumVisualStudioVersion = 10.0.40219.1
Project("{FAE04EC0-301F-11D3-BF4B-00C04F79EFBC}") = "Cassette.UWP", "Cassette\Cassette.UWP\Cassette.UWP.csproj", "{BA68D0FB-34DD-4FB0-B6CA-8AAFE7BA5889}"
EndProject
Project("{FAE04EC0-301F-11D3-BF4B-00C04F79EFBC}") = "Cassette.Android", "Cassette\Cassette.Android\Cassette.Android.csproj", "{1F2156AF-5EAE-4728-BA44-833D8DD399C6}"
EndProject
Project("{FAE04EC0-301F-11D3-BF4B-00C04F79EFBC}") = "Cassette.iOS", "Cassette\Cassette.iOS\Cassette.iOS.csproj", "{E64B0D1D-F227-47B5-A556-33C28D94AB01}"
EndProject
Project("{FAE04EC0-301F-11D3-BF4B-00C04F79EFBC}") = "Cassette", "Cassette\Cassette\Cassette.csproj", "{85FBDAD6-D217-4685-B29F-C8270EA21DF2}"
EndProject
Project("{FAE04EC0-301F-11D3-BF4B-00C04F79EFBC}") = "Xamarin.Juice", "Cassette\Xamarin.Juice\Xamarin.Juice.csproj", "{2DCF491F-BD8B-45BA-B9E4-7F72B9222498}"
EndProject
Global
	GlobalSection(SolutionConfigurationPlatforms) = preSolution
		Debug|Any CPU = Debug|Any CPU
		Debug|ARM = Debug|ARM
		Debug|iPhone = Debug|iPhone
		Debug|iPhoneSimulator = Debug|iPhoneSimulator
		Debug|x64 = Debug|x64
		Debug|x86 = Debug|x86
		Release|Any CPU = Release|Any CPU
		Release|ARM = Release|ARM
		Release|iPhone = Release|iPhone
		Release|iPhoneSimulator = Release|iPhoneSimulator
		Release|x64 = Release|x64
		Release|x86 = Release|x86
	EndGlobalSection
	GlobalSection(ProjectConfigurationPlatforms) = postSolution
		{BA68D0FB-34DD-4FB0-B6CA-8AAFE7BA5889}.Debug|Any CPU.ActiveCfg = Debug|x64
		{BA68D0FB-34DD-4FB0-B6CA-8AAFE7BA5889}.Debug|Any CPU.Build.0 = Debug|x64
		{BA68D0FB-34DD-4FB0-B6CA-8AAFE7BA5889}.Debug|Any CPU.Deploy.0 = Debug|x64
		{BA68D0FB-34DD-4FB0-B6CA-8AAFE7BA5889}.Debug|ARM.ActiveCfg = Debug|ARM
		{BA68D0FB-34DD-4FB0-B6CA-8AAFE7BA5889}.Debug|ARM.Build.0 = Debug|ARM
		{BA68D0FB-34DD-4FB0-B6CA-8AAFE7BA5889}.Debug|ARM.Deploy.0 = Debug|ARM
		{BA68D0FB-34DD-4FB0-B6CA-8AAFE7BA5889}.Debug|iPhone.ActiveCfg = Debug|x64
		{BA68D0FB-34DD-4FB0-B6CA-8AAFE7BA5889}.Debug|iPhone.Build.0 = Debug|x64
		{BA68D0FB-34DD-4FB0-B6CA-8AAFE7BA5889}.Debug|iPhone.Deploy.0 = Debug|x64
		{BA68D0FB-34DD-4FB0-B6CA-8AAFE7BA5889}.Debug|iPhoneSimulator.ActiveCfg = Debug|x64
		{BA68D0FB-34DD-4FB0-B6CA-8AAFE7BA5889}.Debug|iPhoneSimulator.Build.0 = Debug|x64
		{BA68D0FB-34DD-4FB0-B6CA-8AAFE7BA5889}.Debug|iPhoneSimulator.Deploy.0 = Debug|x64
		{BA68D0FB-34DD-4FB0-B6CA-8AAFE7BA5889}.Debug|x64.ActiveCfg = Debug|x64
		{BA68D0FB-34DD-4FB0-B6CA-8AAFE7BA5889}.Debug|x64.Build.0 = Debug|x64
		{BA68D0FB-34DD-4FB0-B6CA-8AAFE7BA5889}.Debug|x64.Deploy.0 = Debug|x64
		{BA68D0FB-34DD-4FB0-B6CA-8AAFE7BA5889}.Debug|x86.ActiveCfg = Debug|x86
		{BA68D0FB-34DD-4FB0-B6CA-8AAFE7BA5889}.Debug|x86.Build.0 = Debug|x86
		{BA68D0FB-34DD-4FB0-B6CA-8AAFE7BA5889}.Debug|x86.Deploy.0 = Debug|x86
		{BA68D0FB-34DD-4FB0-B6CA-8AAFE7BA5889}.Release|Any CPU.ActiveCfg = Release|x64
		{BA68D0FB-34DD-4FB0-B6CA-8AAFE7BA5889}.Release|Any CPU.Build.0 = Release|x64
		{BA68D0FB-34DD-4FB0-B6CA-8AAFE7BA5889}.Release|Any CPU.Deploy.0 = Release|x64
		{BA68D0FB-34DD-4FB0-B6CA-8AAFE7BA5889}.Release|ARM.ActiveCfg = Release|ARM
		{BA68D0FB-34DD-4FB0-B6CA-8AAFE7BA5889}.Release|ARM.Build.0 = Release|ARM
		{BA68D0FB-34DD-4FB0-B6CA-8AAFE7BA5889}.Release|ARM.Deploy.0 = Release|ARM
		{BA68D0FB-34DD-4FB0-B6CA-8AAFE7BA5889}.Release|iPhone.ActiveCfg = Release|x64
		{BA68D0FB-34DD-4FB0-B6CA-8AAFE7BA5889}.Release|iPhone.Build.0 = Release|x64
		{BA68D0FB-34DD-4FB0-B6CA-8AAFE7BA5889}.Release|iPhone.Deploy.0 = Release|x64
		{BA68D0FB-34DD-4FB0-B6CA-8AAFE7BA5889}.Release|iPhoneSimulator.ActiveCfg = Release|x64
		{BA68D0FB-34DD-4FB0-B6CA-8AAFE7BA5889}.Release|iPhoneSimulator.Build.0 = Release|x64
		{BA68D0FB-34DD-4FB0-B6CA-8AAFE7BA5889}.Release|iPhoneSimulator.Deploy.0 = Release|x64
		{BA68D0FB-34DD-4FB0-B6CA-8AAFE7BA5889}.Release|x64.ActiveCfg = Release|x64
		{BA68D0FB-34DD-4FB0-B6CA-8AAFE7BA5889}.Release|x64.Build.0 = Release|x64
		{BA68D0FB-34DD-4FB0-B6CA-8AAFE7BA5889}.Release|x64.Deploy.0 = Release|x64
		{BA68D0FB-34DD-4FB0-B6CA-8AAFE7BA5889}.Release|x86.ActiveCfg = Release|x86
		{BA68D0FB-34DD-4FB0-B6CA-8AAFE7BA5889}.Release|x86.Build.0 = Release|x86
		{BA68D0FB-34DD-4FB0-B6CA-8AAFE7BA5889}.Release|x86.Deploy.0 = Release|x86
		{1F2156AF-5EAE-4728-BA44-833D8DD399C6}.Debug|Any CPU.ActiveCfg = Debug|Any CPU
		{1F2156AF-5EAE-4728-BA44-833D8DD399C6}.Debug|Any CPU.Build.0 = Debug|Any CPU
		{1F2156AF-5EAE-4728-BA44-833D8DD399C6}.Debug|Any CPU.Deploy.0 = Debug|Any CPU
		{1F2156AF-5EAE-4728-BA44-833D8DD399C6}.Debug|ARM.ActiveCfg = Debug|Any CPU
		{1F2156AF-5EAE-4728-BA44-833D8DD399C6}.Debug|ARM.Build.0 = Debug|Any CPU
		{1F2156AF-5EAE-4728-BA44-833D8DD399C6}.Debug|ARM.Deploy.0 = Debug|Any CPU
		{1F2156AF-5EAE-4728-BA44-833D8DD399C6}.Debug|iPhone.ActiveCfg = Debug|Any CPU
		{1F2156AF-5EAE-4728-BA44-833D8DD399C6}.Debug|iPhone.Build.0 = Debug|Any CPU
		{1F2156AF-5EAE-4728-BA44-833D8DD399C6}.Debug|iPhone.Deploy.0 = Debug|Any CPU
		{1F2156AF-5EAE-4728-BA44-833D8DD399C6}.Debug|iPhoneSimulator.ActiveCfg = Debug|Any CPU
		{1F2156AF-5EAE-4728-BA44-833D8DD399C6}.Debug|iPhoneSimulator.Build.0 = Debug|Any CPU
		{1F2156AF-5EAE-4728-BA44-833D8DD399C6}.Debug|iPhoneSimulator.Deploy.0 = Debug|Any CPU
		{1F2156AF-5EAE-4728-BA44-833D8DD399C6}.Debug|x64.ActiveCfg = Debug|Any CPU
		{1F2156AF-5EAE-4728-BA44-833D8DD399C6}.Debug|x64.Build.0 = Debug|Any CPU
		{1F2156AF-5EAE-4728-BA44-833D8DD399C6}.Debug|x64.Deploy.0 = Debug|Any CPU
		{1F2156AF-5EAE-4728-BA44-833D8DD399C6}.Debug|x86.ActiveCfg = Debug|Any CPU
		{1F2156AF-5EAE-4728-BA44-833D8DD399C6}.Debug|x86.Build.0 = Debug|Any CPU
		{1F2156AF-5EAE-4728-BA44-833D8DD399C6}.Debug|x86.Deploy.0 = Debug|Any CPU
		{1F2156AF-5EAE-4728-BA44-833D8DD399C6}.Release|Any CPU.ActiveCfg = Release|Any CPU
		{1F2156AF-5EAE-4728-BA44-833D8DD399C6}.Release|Any CPU.Build.0 = Release|Any CPU
		{1F2156AF-5EAE-4728-BA44-833D8DD399C6}.Release|Any CPU.Deploy.0 = Release|Any CPU
		{1F2156AF-5EAE-4728-BA44-833D8DD399C6}.Release|ARM.ActiveCfg = Release|Any CPU
		{1F2156AF-5EAE-4728-BA44-833D8DD399C6}.Release|ARM.Build.0 = Release|Any CPU
		{1F2156AF-5EAE-4728-BA44-833D8DD399C6}.Release|ARM.Deploy.0 = Release|Any CPU
		{1F2156AF-5EAE-4728-BA44-833D8DD399C6}.Release|iPhone.ActiveCfg = Release|Any CPU
		{1F2156AF-5EAE-4728-BA44-833D8DD399C6}.Release|iPhone.Build.0 = Release|Any CPU
		{1F2156AF-5EAE-4728-BA44-833D8DD399C6}.Release|iPhone.Deploy.0 = Release|Any CPU
		{1F2156AF-5EAE-4728-BA44-833D8DD399C6}.Release|iPhoneSimulator.ActiveCfg = Release|Any CPU
		{1F2156AF-5EAE-4728-BA44-833D8DD399C6}.Release|iPhoneSimulator.Build.0 = Release|Any CPU
		{1F2156AF-5EAE-4728-BA44-833D8DD399C6}.Release|iPhoneSimulator.Deploy.0 = Release|Any CPU
		{1F2156AF-5EAE-4728-BA44-833D8DD399C6}.Release|x64.ActiveCfg = Release|Any CPU
		{1F2156AF-5EAE-4728-BA44-833D8DD399C6}.Release|x64.Build.0 = Release|Any CPU
		{1F2156AF-5EAE-4728-BA44-833D8DD399C6}.Release|x64.Deploy.0 = Release|Any CPU
		{1F2156AF-5EAE-4728-BA44-833D8DD399C6}.Release|x86.ActiveCfg = Release|Any CPU
		{1F2156AF-5EAE-4728-BA44-833D8DD399C6}.Release|x86.Build.0 = Release|Any CPU
		{1F2156AF-5EAE-4728-BA44-833D8DD399C6}.Release|x86.Deploy.0 = Release|Any CPU
		{E64B0D1D-F227-47B5-A556-33C28D94AB01}.Debug|Any CPU.ActiveCfg = Debug|iPhoneSimulator
		{E64B0D1D-F227-47B5-A556-33C28D94AB01}.Debug|Any CPU.Build.0 = Debug|iPhoneSimulator
		{E64B0D1D-F227-47B5-A556-33C28D94AB01}.Debug|Any CPU.Deploy.0 = Debug|iPhoneSimulator
		{E64B0D1D-F227-47B5-A556-33C28D94AB01}.Debug|ARM.ActiveCfg = Debug|iPhoneSimulator
		{E64B0D1D-F227-47B5-A556-33C28D94AB01}.Debug|ARM.Build.0 = Debug|iPhoneSimulator
		{E64B0D1D-F227-47B5-A556-33C28D94AB01}.Debug|ARM.Deploy.0 = Debug|iPhoneSimulator
		{E64B0D1D-F227-47B5-A556-33C28D94AB01}.Debug|iPhone.ActiveCfg = Debug|iPhone
		{E64B0D1D-F227-47B5-A556-33C28D94AB01}.Debug|iPhone.Build.0 = Debug|iPhone
		{E64B0D1D-F227-47B5-A556-33C28D94AB01}.Debug|iPhone.Deploy.0 = Debug|iPhone
		{E64B0D1D-F227-47B5-A556-33C28D94AB01}.Debug|iPhoneSimulator.ActiveCfg = Debug|iPhoneSimulator
		{E64B0D1D-F227-47B5-A556-33C28D94AB01}.Debug|iPhoneSimulator.Build.0 = Debug|iPhoneSimulator
		{E64B0D1D-F227-47B5-A556-33C28D94AB01}.Debug|iPhoneSimulator.Deploy.0 = Debug|iPhoneSimulator
		{E64B0D1D-F227-47B5-A556-33C28D94AB01}.Debug|x64.ActiveCfg = Debug|iPhone
		{E64B0D1D-F227-47B5-A556-33C28D94AB01}.Debug|x64.Build.0 = Debug|iPhone
		{E64B0D1D-F227-47B5-A556-33C28D94AB01}.Debug|x64.Deploy.0 = Debug|iPhone
		{E64B0D1D-F227-47B5-A556-33C28D94AB01}.Debug|x86.ActiveCfg = Debug|iPhoneSimulator
		{E64B0D1D-F227-47B5-A556-33C28D94AB01}.Debug|x86.Build.0 = Debug|iPhoneSimulator
		{E64B0D1D-F227-47B5-A556-33C28D94AB01}.Debug|x86.Deploy.0 = Debug|iPhoneSimulator
		{E64B0D1D-F227-47B5-A556-33C28D94AB01}.Release|Any CPU.ActiveCfg = Release|iPhoneSimulator
		{E64B0D1D-F227-47B5-A556-33C28D94AB01}.Release|Any CPU.Build.0 = Release|iPhoneSimulator
		{E64B0D1D-F227-47B5-A556-33C28D94AB01}.Release|Any CPU.Deploy.0 = Release|iPhoneSimulator
		{E64B0D1D-F227-47B5-A556-33C28D94AB01}.Release|ARM.ActiveCfg = Release|iPhoneSimulator
		{E64B0D1D-F227-47B5-A556-33C28D94AB01}.Release|ARM.Build.0 = Release|iPhoneSimulator
		{E64B0D1D-F227-47B5-A556-33C28D94AB01}.Release|ARM.Deploy.0 = Release|iPhoneSimulator
		{E64B0D1D-F227-47B5-A556-33C28D94AB01}.Release|iPhone.ActiveCfg = Release|iPhone
		{E64B0D1D-F227-47B5-A556-33C28D94AB01}.Release|iPhone.Build.0 = Release|iPhone
		{E64B0D1D-F227-47B5-A556-33C28D94AB01}.Release|iPhone.Deploy.0 = Release|iPhone
		{E64B0D1D-F227-47B5-A556-33C28D94AB01}.Release|iPhoneSimulator.ActiveCfg = Release|iPhoneSimulator
		{E64B0D1D-F227-47B5-A556-33C28D94AB01}.Release|iPhoneSimulator.Build.0 = Release|iPhoneSimulator
		{E64B0D1D-F227-47B5-A556-33C28D94AB01}.Release|iPhoneSimulator.Deploy.0 = Release|iPhoneSimulator
		{E64B0D1D-F227-47B5-A556-33C28D94AB01}.Release|x64.ActiveCfg = Release|iPhoneSimulator
		{E64B0D1D-F227-47B5-A556-33C28D94AB01}.Release|x64.Build.0 = Release|iPhoneSimulator
		{E64B0D1D-F227-47B5-A556-33C28D94AB01}.Release|x64.Deploy.0 = Release|iPhoneSimulator
		{E64B0D1D-F227-47B5-A556-33C28D94AB01}.Release|x86.ActiveCfg = Release|iPhoneSimulator
		{E64B0D1D-F227-47B5-A556-33C28D94AB01}.Release|x86.Build.0 = Release|iPhoneSimulator
		{E64B0D1D-F227-47B5-A556-33C28D94AB01}.Release|x86.Deploy.0 = Release|iPhoneSimulator
		{85FBDAD6-D217-4685-B29F-C8270EA21DF2}.Debug|Any CPU.ActiveCfg = Debug|Any CPU
		{85FBDAD6-D217-4685-B29F-C8270EA21DF2}.Debug|Any CPU.Build.0 = Debug|Any CPU
		{85FBDAD6-D217-4685-B29F-C8270EA21DF2}.Debug|Any CPU.Deploy.0 = Debug|Any CPU
		{85FBDAD6-D217-4685-B29F-C8270EA21DF2}.Debug|ARM.ActiveCfg = Debug|Any CPU
		{85FBDAD6-D217-4685-B29F-C8270EA21DF2}.Debug|ARM.Build.0 = Debug|Any CPU
		{85FBDAD6-D217-4685-B29F-C8270EA21DF2}.Debug|ARM.Deploy.0 = Debug|Any CPU
		{85FBDAD6-D217-4685-B29F-C8270EA21DF2}.Debug|iPhone.ActiveCfg = Debug|Any CPU
		{85FBDAD6-D217-4685-B29F-C8270EA21DF2}.Debug|iPhone.Build.0 = Debug|Any CPU
		{85FBDAD6-D217-4685-B29F-C8270EA21DF2}.Debug|iPhone.Deploy.0 = Debug|Any CPU
		{85FBDAD6-D217-4685-B29F-C8270EA21DF2}.Debug|iPhoneSimulator.ActiveCfg = Debug|Any CPU
		{85FBDAD6-D217-4685-B29F-C8270EA21DF2}.Debug|iPhoneSimulator.Build.0 = Debug|Any CPU
		{85FBDAD6-D217-4685-B29F-C8270EA21DF2}.Debug|iPhoneSimulator.Deploy.0 = Debug|Any CPU
		{85FBDAD6-D217-4685-B29F-C8270EA21DF2}.Debug|x64.ActiveCfg = Debug|Any CPU
		{85FBDAD6-D217-4685-B29F-C8270EA21DF2}.Debug|x64.Build.0 = Debug|Any CPU
		{85FBDAD6-D217-4685-B29F-C8270EA21DF2}.Debug|x64.Deploy.0 = Debug|Any CPU
		{85FBDAD6-D217-4685-B29F-C8270EA21DF2}.Debug|x86.ActiveCfg = Debug|Any CPU
		{85FBDAD6-D217-4685-B29F-C8270EA21DF2}.Debug|x86.Build.0 = Debug|Any CPU
		{85FBDAD6-D217-4685-B29F-C8270EA21DF2}.Debug|x86.Deploy.0 = Debug|Any CPU
		{85FBDAD6-D217-4685-B29F-C8270EA21DF2}.Release|Any CPU.ActiveCfg = Release|Any CPU
		{85FBDAD6-D217-4685-B29F-C8270EA21DF2}.Release|Any CPU.Build.0 = Release|Any CPU
		{85FBDAD6-D217-4685-B29F-C8270EA21DF2}.Release|Any CPU.Deploy.0 = Release|Any CPU
		{85FBDAD6-D217-4685-B29F-C8270EA21DF2}.Release|ARM.ActiveCfg = Release|Any CPU
		{85FBDAD6-D217-4685-B29F-C8270EA21DF2}.Release|ARM.Build.0 = Release|Any CPU
		{85FBDAD6-D217-4685-B29F-C8270EA21DF2}.Release|ARM.Deploy.0 = Release|Any CPU
		{85FBDAD6-D217-4685-B29F-C8270EA21DF2}.Release|iPhone.ActiveCfg = Release|Any CPU
		{85FBDAD6-D217-4685-B29F-C8270EA21DF2}.Release|iPhone.Build.0 = Release|Any CPU
		{85FBDAD6-D217-4685-B29F-C8270EA21DF2}.Release|iPhone.Deploy.0 = Release|Any CPU
		{85FBDAD6-D217-4685-B29F-C8270EA21DF2}.Release|iPhoneSimulator.ActiveCfg = Release|Any CPU
		{85FBDAD6-D217-4685-B29F-C8270EA21DF2}.Release|iPhoneSimulator.Build.0 = Release|Any CPU
		{85FBDAD6-D217-4685-B29F-C8270EA21DF2}.Release|iPhoneSimulator.Deploy.0 = Release|Any CPU
		{85FBDAD6-D217-4685-B29F-C8270EA21DF2}.Release|x64.ActiveCfg = Release|Any CPU
		{85FBDAD6-D217-4685-B29F-C8270EA21DF2}.Release|x64.Build.0 = Release|Any CPU
		{85FBDAD6-D217-4685-B29F-C8270EA21DF2}.Release|x64.Deploy.0 = Release|Any CPU
		{85FBDAD6-D217-4685-B29F-C8270EA21DF2}.Release|x86.ActiveCfg = Release|Any CPU
		{85FBDAD6-D217-4685-B29F-C8270EA21DF2}.Release|x86.Build.0 = Release|Any CPU
		{85FBDAD6-D217-4685-B29F-C8270EA21DF2}.Release|x86.Deploy.0 = Release|Any CPU
		{2DCF491F-BD8B-45BA-B9E4-7F72B9222498}.Debug|Any CPU.ActiveCfg = Debug|Any CPU
		{2DCF491F-BD8B-45BA-B9E4-7F72B9222498}.Debug|Any CPU.Build.0 = Debug|Any CPU
		{2DCF491F-BD8B-45BA-B9E4-7F72B9222498}.Debug|ARM.ActiveCfg = Debug|Any CPU
		{2DCF491F-BD8B-45BA-B9E4-7F72B9222498}.Debug|ARM.Build.0 = Debug|Any CPU
		{2DCF491F-BD8B-45BA-B9E4-7F72B9222498}.Debug|iPhone.ActiveCfg = Debug|Any CPU
		{2DCF491F-BD8B-45BA-B9E4-7F72B9222498}.Debug|iPhone.Build.0 = Debug|Any CPU
		{2DCF491F-BD8B-45BA-B9E4-7F72B9222498}.Debug|iPhoneSimulator.ActiveCfg = Debug|Any CPU
		{2DCF491F-BD8B-45BA-B9E4-7F72B9222498}.Debug|iPhoneSimulator.Build.0 = Debug|Any CPU
		{2DCF491F-BD8B-45BA-B9E4-7F72B9222498}.Debug|x64.ActiveCfg = Debug|Any CPU
		{2DCF491F-BD8B-45BA-B9E4-7F72B9222498}.Debug|x64.Build.0 = Debug|Any CPU
		{2DCF491F-BD8B-45BA-B9E4-7F72B9222498}.Debug|x86.ActiveCfg = Debug|Any CPU
		{2DCF491F-BD8B-45BA-B9E4-7F72B9222498}.Debug|x86.Build.0 = Debug|Any CPU
		{2DCF491F-BD8B-45BA-B9E4-7F72B9222498}.Release|Any CPU.ActiveCfg = Release|Any CPU
		{2DCF491F-BD8B-45BA-B9E4-7F72B9222498}.Release|Any CPU.Build.0 = Release|Any CPU
		{2DCF491F-BD8B-45BA-B9E4-7F72B9222498}.Release|ARM.ActiveCfg = Release|Any CPU
		{2DCF491F-BD8B-45BA-B9E4-7F72B9222498}.Release|ARM.Build.0 = Release|Any CPU
		{2DCF491F-BD8B-45BA-B9E4-7F72B9222498}.Release|iPhone.ActiveCfg = Release|Any CPU
		{2DCF491F-BD8B-45BA-B9E4-7F72B9222498}.Release|iPhone.Build.0 = Release|Any CPU
		{2DCF491F-BD8B-45BA-B9E4-7F72B9222498}.Release|iPhoneSimulator.ActiveCfg = Release|Any CPU
		{2DCF491F-BD8B-45BA-B9E4-7F72B9222498}.Release|iPhoneSimulator.Build.0 = Release|Any CPU
		{2DCF491F-BD8B-45BA-B9E4-7F72B9222498}.Release|x64.ActiveCfg = Release|Any CPU
		{2DCF491F-BD8B-45BA-B9E4-7F72B9222498}.Release|x64.Build.0 = Release|Any CPU
		{2DCF491F-BD8B-45BA-B9E4-7F72B9222498}.Release|x86.ActiveCfg = Release|Any CPU
		{2DCF491F-BD8B-45BA-B9E4-7F72B9222498}.Release|x86.Build.0 = Release|Any CPU
	EndGlobalSection
	GlobalSection(SolutionProperties) = preSolution
		HideSolutionNode = FALSE
	EndGlobalSection
	GlobalSection(ExtensibilityGlobals) = postSolution
		SolutionGuid = {14AA34F0-6A73-41E4-AABF-9A27295E90C8}
	EndGlobalSection
EndGlobal
